
Microsoft Visual Studio Solution File, Format Version 12.00
# Visual Studio Version 17
VisualStudioVersion = 17.3.32825.248
MinimumVisualStudioVersion = 10.0.40219.1
Project("{8BC9CEB8-8B4A-11D0-8D11-00A0C91BC942}") = "KT3", "KT3\KT3.vcxproj", "{5154B81B-0A58-4B29-B460-A38BB2442AB8}"
EndProject
Global
	GlobalSection(SolutionConfigurationPlatforms) = preSolution
		Debug|x64 = Debug|x64
		Debug|x86 = Debug|x86
		Release|x64 = Release|x64
		Release|x86 = Release|x86
	EndGlobalSection
	GlobalSection(ProjectConfigurationPlatforms) = postSolution
		{5154B81B-0A58-4B29-B460-A38BB2442AB8}.Debug|x64.ActiveCfg = Debug|x64
		{5154B81B-0A58-4B29-B460-A38BB2442AB8}.Debug|x64.Build.0 = Debug|x64
		{5154B81B-0A58-4B29-B460-A38BB2442AB8}.Debug|x86.ActiveCfg = Debug|Win32
		{5154B81B-0A58-4B29-B460-A38BB2442AB8}.Debug|x86.Build.0 = Debug|Win32
		{5154B81B-0A58-4B29-B460-A38BB2442AB8}.Release|x64.ActiveCfg = Release|x64
		{5154B81B-0A58-4B29-B460-A38BB2442AB8}.Release|x64.Build.0 = Release|x64
		{5154B81B-0A58-4B29-B460-A38BB2442AB8}.Release|x86.ActiveCfg = Release|Win32
		{5154B81B-0A58-4B29-B460-A38BB2442AB8}.Release|x86.Build.0 = Release|Win32
	EndGlobalSection
	GlobalSection(SolutionProperties) = preSolution
		HideSolutionNode = FALSE
	EndGlobalSection
	GlobalSection(ExtensibilityGlobals) = postSolution
		SolutionGuid = {21E0A7A8-4280-401D-A01F-B04F29E7772A}
	EndGlobalSection
EndGlobal
