
Microsoft Visual Studio Solution File, Format Version 12.00
# Visual Studio Version 17
VisualStudioVersion = 17.3.32825.248
MinimumVisualStudioVersion = 10.0.40219.1
Project("{FAE04EC0-301F-11D3-BF4B-00C04F79EFBC}") = "KPO3", "KPO3\KPO3.csproj", "{2683264B-3B1F-491A-A8F5-75EAB11D9C88}"
EndProject
Global
	GlobalSection(SolutionConfigurationPlatforms) = preSolution
		Debug|Any CPU = Debug|Any CPU
		Release|Any CPU = Release|Any CPU
	EndGlobalSection
	GlobalSection(ProjectConfigurationPlatforms) = postSolution
		{2683264B-3B1F-491A-A8F5-75EAB11D9C88}.Debug|Any CPU.ActiveCfg = Debug|Any CPU
		{2683264B-3B1F-491A-A8F5-75EAB11D9C88}.Debug|Any CPU.Build.0 = Debug|Any CPU
		{2683264B-3B1F-491A-A8F5-75EAB11D9C88}.Release|Any CPU.ActiveCfg = Release|Any CPU
		{2683264B-3B1F-491A-A8F5-75EAB11D9C88}.Release|Any CPU.Build.0 = Release|Any CPU
	EndGlobalSection
	GlobalSection(SolutionProperties) = preSolution
		HideSolutionNode = FALSE
	EndGlobalSection
	GlobalSection(ExtensibilityGlobals) = postSolution
		SolutionGuid = {1DB6CEF4-7873-4724-8FB0-8CBDE9FDF208}
	EndGlobalSection
EndGlobal
