
Microsoft Visual Studio Solution File, Format Version 12.00
# Visual Studio Version 17
VisualStudioVersion = 17.3.32825.248
MinimumVisualStudioVersion = 10.0.40219.1
Project("{FAE04EC0-301F-11D3-BF4B-00C04F79EFBC}") = "Kursach2", "Kursach2\Kursach2.csproj", "{9675C4C7-32CF-4688-93A2-B0D4B52424BC}"
EndProject
Global
	GlobalSection(SolutionConfigurationPlatforms) = preSolution
		Debug|Any CPU = Debug|Any CPU
		Release|Any CPU = Release|Any CPU
	EndGlobalSection
	GlobalSection(ProjectConfigurationPlatforms) = postSolution
		{9675C4C7-32CF-4688-93A2-B0D4B52424BC}.Debug|Any CPU.ActiveCfg = Debug|Any CPU
		{9675C4C7-32CF-4688-93A2-B0D4B52424BC}.Debug|Any CPU.Build.0 = Debug|Any CPU
		{9675C4C7-32CF-4688-93A2-B0D4B52424BC}.Release|Any CPU.ActiveCfg = Release|Any CPU
		{9675C4C7-32CF-4688-93A2-B0D4B52424BC}.Release|Any CPU.Build.0 = Release|Any CPU
	EndGlobalSection
	GlobalSection(SolutionProperties) = preSolution
		HideSolutionNode = FALSE
	EndGlobalSection
	GlobalSection(ExtensibilityGlobals) = postSolution
		SolutionGuid = {8BDE8C5A-4CB2-4415-8C38-7FDA69A4C4B1}
	EndGlobalSection
EndGlobal
